{
  "name": "rabbitMq",
  "version": "1.0.0",
  "lockfileVersion": 3,
  "requires": true,
  "packages": {
    "": {
      "name": "rabbitMq",
      "version": "1.0.0",
      "license": "ISC",
      "devDependencies": {
        "@types/amqplib": "^0.10.5",
        "amqplib": "^0.10.5"
      }
    },
    "../../node_modules/.pnpm/amqplib@0.10.5/node_modules/amqplib": {
      "version": "0.10.5",
      "dev": true,
      "license": "MIT",
      "dependencies": {
        "@acuminous/bitsyntax": "^0.1.2",
        "buffer-more-ints": "~1.0.0",
        "url-parse": "~1.5.10"
      },
      "devDependencies": {
        "claire": "0.4.1",
        "mocha": "^9.2.2",
        "nyc": "^15.1.0",
        "uglify-js": "2.8.x"
      },
      "engines": {
        "node": ">=10"
      }
    },
    "node_modules/@types/amqplib": {
      "version": "0.10.5",
      "resolved": "https://registry.npmjs.org/@types/amqplib/-/amqplib-0.10.5.tgz",
      "integrity": "sha512-/cSykxROY7BWwDoi4Y4/jLAuZTshZxd8Ey1QYa/VaXriMotBDoou7V/twJiOSHzU6t1Kp1AHAUXGCgqq+6DNeg==",
      "dev": true,
      "dependencies": {
        "@types/node": "*"
      }
    },
    "node_modules/@types/node": {
      "version": "22.10.1",
      "resolved": "https://registry.npmjs.org/@types/node/-/node-22.10.1.tgz",
      "integrity": "sha512-qKgsUwfHZV2WCWLAnVP1JqnpE6Im6h3Y0+fYgMTasNQ7V++CBX5OT1as0g0f+OyubbFqhf6XVNIsmN4IIhEgGQ==",
      "dev": true,
      "dependencies": {
        "undici-types": "~6.20.0"
      }
    },
    "node_modules/amqplib": {
      "resolved": "../../node_modules/.pnpm/amqplib@0.10.5/node_modules/amqplib",
      "link": true
    },
    "node_modules/undici-types": {
      "version": "6.20.0",
      "resolved": "https://registry.npmjs.org/undici-types/-/undici-types-6.20.0.tgz",
      "integrity": "sha512-Ny6QZ2Nju20vw1SRHe3d9jVu6gJ+4e3+MMpqu7pqE5HT6WsTSlce++GQmK5UXS8mzV8DSYHrQH+Xrf2jVcuKNg==",
      "dev": true
    }
  }
}
